{
  "nodes": {
    "cutefetch": {
      "inputs": {
        "flake-utils": "flake-utils",
        "nixpkgs": "nixpkgs"
      },
      "locked": {
        "lastModified": 1727397976,
        "narHash": "sha256-dxiQCr3Y0wxmSfENiRaBRxMxOo++n0YO1tWwX68c/RU=",
        "owner": "AlphaTechnolog",
        "repo": "cutefetch",
        "rev": "865499342fc687bfd3dee22233352f53e9e84e45",
        "type": "github"
      },
      "original": {
        "owner": "AlphaTechnolog",
        "repo": "cutefetch",
        "type": "github"
      }
    },
    "flake-utils": {
      "inputs": {
        "systems": "systems"
      },
      "locked": {
        "lastModified": 1726560853,
        "narHash": "sha256-X6rJYSESBVr3hBoH0WbKE5KvhPU5bloyZ2L4K60/fPQ=",
        "owner": "numtide",
        "repo": "flake-utils",
        "rev": "c1dfcf08411b08f6b8615f7d8971a2bfa81d5e8a",
        "type": "github"
      },
      "original": {
        "owner": "numtide",
        "repo": "flake-utils",
        "type": "github"
      }
    },
    "flake-utils_2": {
      "inputs": {
        "systems": "systems_2"
      },
      "locked": {
        "lastModified": 1705309234,
        "narHash": "sha256-uNRRNRKmJyCRC/8y1RqBkqWBLM034y4qN7EprSdmgyA=",
        "owner": "numtide",
        "repo": "flake-utils",
        "rev": "1ef2e671c3b0c19053962c07dbda38332dcebf26",
        "type": "github"
      },
      "original": {
        "owner": "numtide",
        "repo": "flake-utils",
        "type": "github"
      }
    },
    "nixpkgs": {
      "locked": {
        "lastModified": 1727393949,
        "narHash": "sha256-LLeJnYLvAlmo5auXNu2hWXS29pMGuCYQBVo+LRFyWpc=",
        "owner": "nixos",
        "repo": "nixpkgs",
        "rev": "c6b2d0f9ade2f273e31b72c2acfef1cc1db752b6",
        "type": "github"
      },
      "original": {
        "owner": "nixos",
        "repo": "nixpkgs",
        "type": "github"
      }
    },
    "nixpkgs_2": {
      "locked": {
        "lastModified": 1729278197,
        "narHash": "sha256-xVj6dfAFVySVQ5sn15ExkVLkU3HbUONVeRvOKgaOHww=",
        "owner": "nixos",
        "repo": "nixpkgs",
        "rev": "c11ff943a2fda11c69f304d544d34646b45823cc",
        "type": "github"
      },
      "original": {
        "owner": "nixos",
        "repo": "nixpkgs",
        "type": "github"
      }
    },
    "nixpkgs_3": {
      "locked": {
        "lastModified": 1729256560,
        "narHash": "sha256-/uilDXvCIEs3C9l73JTACm4quuHUsIHcns1c+cHUJwA=",
        "owner": "nixos",
        "repo": "nixpkgs",
        "rev": "4c2fcb090b1f3e5b47eaa7bd33913b574a11e0a0",
        "type": "github"
      },
      "original": {
        "owner": "nixos",
        "ref": "nixos-unstable",
        "repo": "nixpkgs",
        "type": "github"
      }
    },
    "open-repo": {
      "inputs": {
        "nixpkgs": "nixpkgs_3",
        "zig": "zig"
      },
      "locked": {
        "lastModified": 1729332938,
        "narHash": "sha256-EO/aspijPrBnquIIxSh2KO2CfGFtA9Cf5P/au6nuWIc=",
        "owner": "AlphaTechnolog",
        "repo": "open-repo",
        "rev": "c569079f8db80f905717ff74d1c185747bcd0ae8",
        "type": "github"
      },
      "original": {
        "owner": "AlphaTechnolog",
        "repo": "open-repo",
        "type": "github"
      }
    },
    "root": {
      "inputs": {
        "cutefetch": "cutefetch",
        "nixpkgs": "nixpkgs_2",
        "open-repo": "open-repo"
      }
    },
    "systems": {
      "locked": {
        "lastModified": 1681028828,
        "narHash": "sha256-Vy1rq5AaRuLzOxct8nz4T6wlgyUR7zLU309k9mBC768=",
        "owner": "nix-systems",
        "repo": "default",
        "rev": "da67096a3b9bf56a91d16901293e51ba5b49a27e",
        "type": "github"
      },
      "original": {
        "owner": "nix-systems",
        "repo": "default",
        "type": "github"
      }
    },
    "systems_2": {
      "locked": {
        "lastModified": 1681028828,
        "narHash": "sha256-Vy1rq5AaRuLzOxct8nz4T6wlgyUR7zLU309k9mBC768=",
        "owner": "nix-systems",
        "repo": "default",
        "rev": "da67096a3b9bf56a91d16901293e51ba5b49a27e",
        "type": "github"
      },
      "original": {
        "owner": "nix-systems",
        "repo": "default",
        "type": "github"
      }
    },
    "zig": {
      "inputs": {
        "flake-compat": [
          "open-repo"
        ],
        "flake-utils": "flake-utils_2",
        "nixpkgs": [
          "open-repo",
          "nixpkgs"
        ]
      },
      "locked": {
        "lastModified": 1729297737,
        "narHash": "sha256-s2VnhVVlRQPTzKVAklFVwYukQMOm5hgSTZtfhEG54IE=",
        "owner": "mitchellh",
        "repo": "zig-overlay",
        "rev": "144112221fcd1da0961523df4ec2525961e73654",
        "type": "github"
      },
      "original": {
        "owner": "mitchellh",
        "repo": "zig-overlay",
        "type": "github"
      }
    }
  },
  "root": "root",
  "version": 7
}
