{
  "nodes": {
    "cartero": {
      "inputs": {
        "flake-utils": "flake-utils",
        "nixpkgs": "nixpkgs"
      },
      "locked": {
        "lastModified": 1728674440,
        "narHash": "sha256-eCcEb0/tX3uUz1S6tCzU4SY1IEHtIUFqngaG5ENLa20=",
        "owner": "danirod",
        "repo": "cartero",
        "rev": "8a3fb932f935df55c5e7dea0ebba6940b4b9b1c9",
        "type": "github"
      },
      "original": {
        "owner": "danirod",
        "repo": "cartero",
        "type": "github"
      }
    },
    "cutefetch": {
      "inputs": {
        "flake-utils": "flake-utils_2",
        "nixpkgs": "nixpkgs_2"
      },
      "locked": {
        "lastModified": 1727397976,
        "narHash": "sha256-dxiQCr3Y0wxmSfENiRaBRxMxOo++n0YO1tWwX68c/RU=",
        "owner": "AlphaTechnolog",
        "repo": "cutefetch",
        "rev": "865499342fc687bfd3dee22233352f53e9e84e45",
        "type": "github"
      },
      "original": {
        "owner": "AlphaTechnolog",
        "repo": "cutefetch",
        "type": "github"
      }
    },
    "flake-utils": {
      "inputs": {
        "systems": "systems"
      },
      "locked": {
        "lastModified": 1710146030,
        "narHash": "sha256-SZ5L6eA7HJ/nmkzGG7/ISclqe6oZdOZTNoesiInkXPQ=",
        "owner": "numtide",
        "repo": "flake-utils",
        "rev": "b1d9ab70662946ef0850d488da1c9019f3a9752a",
        "type": "github"
      },
      "original": {
        "owner": "numtide",
        "repo": "flake-utils",
        "type": "github"
      }
    },
    "flake-utils_2": {
      "inputs": {
        "systems": "systems_2"
      },
      "locked": {
        "lastModified": 1726560853,
        "narHash": "sha256-X6rJYSESBVr3hBoH0WbKE5KvhPU5bloyZ2L4K60/fPQ=",
        "owner": "numtide",
        "repo": "flake-utils",
        "rev": "c1dfcf08411b08f6b8615f7d8971a2bfa81d5e8a",
        "type": "github"
      },
      "original": {
        "owner": "numtide",
        "repo": "flake-utils",
        "type": "github"
      }
    },
    "flake-utils_3": {
      "inputs": {
        "systems": "systems_3"
      },
      "locked": {
        "lastModified": 1726560853,
        "narHash": "sha256-X6rJYSESBVr3hBoH0WbKE5KvhPU5bloyZ2L4K60/fPQ=",
        "owner": "numtide",
        "repo": "flake-utils",
        "rev": "c1dfcf08411b08f6b8615f7d8971a2bfa81d5e8a",
        "type": "github"
      },
      "original": {
        "owner": "numtide",
        "repo": "flake-utils",
        "type": "github"
      }
    },
    "flake-utils_4": {
      "inputs": {
        "systems": "systems_4"
      },
      "locked": {
        "lastModified": 1705309234,
        "narHash": "sha256-uNRRNRKmJyCRC/8y1RqBkqWBLM034y4qN7EprSdmgyA=",
        "owner": "numtide",
        "repo": "flake-utils",
        "rev": "1ef2e671c3b0c19053962c07dbda38332dcebf26",
        "type": "github"
      },
      "original": {
        "owner": "numtide",
        "repo": "flake-utils",
        "type": "github"
      }
    },
    "flake-utils_5": {
      "inputs": {
        "systems": "systems_5"
      },
      "locked": {
        "lastModified": 1705309234,
        "narHash": "sha256-uNRRNRKmJyCRC/8y1RqBkqWBLM034y4qN7EprSdmgyA=",
        "owner": "numtide",
        "repo": "flake-utils",
        "rev": "1ef2e671c3b0c19053962c07dbda38332dcebf26",
        "type": "github"
      },
      "original": {
        "owner": "numtide",
        "repo": "flake-utils",
        "type": "github"
      }
    },
    "harakara-terminal": {
      "inputs": {
        "flake-utils": "flake-utils_3",
        "nixpkgs": "nixpkgs_3",
        "zig": "zig"
      },
      "locked": {
        "lastModified": 1729466570,
        "narHash": "sha256-MbqebTBAHaBvx7VLbjSxUgU09Yg2FZbU7fN71dBkXpg=",
        "owner": "AlphaTechnolog",
        "repo": "harakara-terminal",
        "rev": "5a644ece4d5bbd9ef01e1597a051348900400a1a",
        "type": "github"
      },
      "original": {
        "owner": "AlphaTechnolog",
        "repo": "harakara-terminal",
        "type": "github"
      }
    },
    "nixpkgs": {
      "locked": {
        "lastModified": 1720957393,
        "narHash": "sha256-oedh2RwpjEa+TNxhg5Je9Ch6d3W1NKi7DbRO1ziHemA=",
        "owner": "nixos",
        "repo": "nixpkgs",
        "rev": "693bc46d169f5af9c992095736e82c3488bf7dbb",
        "type": "github"
      },
      "original": {
        "owner": "nixos",
        "ref": "nixos-unstable",
        "repo": "nixpkgs",
        "type": "github"
      }
    },
    "nixpkgs_2": {
      "locked": {
        "lastModified": 1727393949,
        "narHash": "sha256-LLeJnYLvAlmo5auXNu2hWXS29pMGuCYQBVo+LRFyWpc=",
        "owner": "nixos",
        "repo": "nixpkgs",
        "rev": "c6b2d0f9ade2f273e31b72c2acfef1cc1db752b6",
        "type": "github"
      },
      "original": {
        "owner": "nixos",
        "repo": "nixpkgs",
        "type": "github"
      }
    },
    "nixpkgs_3": {
      "locked": {
        "lastModified": 1729256560,
        "narHash": "sha256-/uilDXvCIEs3C9l73JTACm4quuHUsIHcns1c+cHUJwA=",
        "owner": "nixos",
        "repo": "nixpkgs",
        "rev": "4c2fcb090b1f3e5b47eaa7bd33913b574a11e0a0",
        "type": "github"
      },
      "original": {
        "owner": "nixos",
        "ref": "nixos-unstable",
        "repo": "nixpkgs",
        "type": "github"
      }
    },
    "nixpkgs_4": {
      "locked": {
        "lastModified": 1729463690,
        "narHash": "sha256-l1jt4L6QLVxRZ48mTh3BGXTGK3cBE1mvhnPDZ5uT0Pw=",
        "owner": "nixos",
        "repo": "nixpkgs",
        "rev": "93767133bac3e35fc7371941fcacac26efcfbd77",
        "type": "github"
      },
      "original": {
        "owner": "nixos",
        "repo": "nixpkgs",
        "type": "github"
      }
    },
    "nixpkgs_5": {
      "locked": {
        "lastModified": 1729256560,
        "narHash": "sha256-/uilDXvCIEs3C9l73JTACm4quuHUsIHcns1c+cHUJwA=",
        "owner": "nixos",
        "repo": "nixpkgs",
        "rev": "4c2fcb090b1f3e5b47eaa7bd33913b574a11e0a0",
        "type": "github"
      },
      "original": {
        "owner": "nixos",
        "ref": "nixos-unstable",
        "repo": "nixpkgs",
        "type": "github"
      }
    },
    "open-repo": {
      "inputs": {
        "nixpkgs": "nixpkgs_5",
        "zig": "zig_2"
      },
      "locked": {
        "lastModified": 1729332938,
        "narHash": "sha256-EO/aspijPrBnquIIxSh2KO2CfGFtA9Cf5P/au6nuWIc=",
        "owner": "AlphaTechnolog",
        "repo": "open-repo",
        "rev": "c569079f8db80f905717ff74d1c185747bcd0ae8",
        "type": "github"
      },
      "original": {
        "owner": "AlphaTechnolog",
        "repo": "open-repo",
        "type": "github"
      }
    },
    "root": {
      "inputs": {
        "cartero": "cartero",
        "cutefetch": "cutefetch",
        "harakara-terminal": "harakara-terminal",
        "nixpkgs": "nixpkgs_4",
        "open-repo": "open-repo"
      }
    },
    "systems": {
      "locked": {
        "lastModified": 1681028828,
        "narHash": "sha256-Vy1rq5AaRuLzOxct8nz4T6wlgyUR7zLU309k9mBC768=",
        "owner": "nix-systems",
        "repo": "default",
        "rev": "da67096a3b9bf56a91d16901293e51ba5b49a27e",
        "type": "github"
      },
      "original": {
        "owner": "nix-systems",
        "repo": "default",
        "type": "github"
      }
    },
    "systems_2": {
      "locked": {
        "lastModified": 1681028828,
        "narHash": "sha256-Vy1rq5AaRuLzOxct8nz4T6wlgyUR7zLU309k9mBC768=",
        "owner": "nix-systems",
        "repo": "default",
        "rev": "da67096a3b9bf56a91d16901293e51ba5b49a27e",
        "type": "github"
      },
      "original": {
        "owner": "nix-systems",
        "repo": "default",
        "type": "github"
      }
    },
    "systems_3": {
      "locked": {
        "lastModified": 1681028828,
        "narHash": "sha256-Vy1rq5AaRuLzOxct8nz4T6wlgyUR7zLU309k9mBC768=",
        "owner": "nix-systems",
        "repo": "default",
        "rev": "da67096a3b9bf56a91d16901293e51ba5b49a27e",
        "type": "github"
      },
      "original": {
        "owner": "nix-systems",
        "repo": "default",
        "type": "github"
      }
    },
    "systems_4": {
      "locked": {
        "lastModified": 1681028828,
        "narHash": "sha256-Vy1rq5AaRuLzOxct8nz4T6wlgyUR7zLU309k9mBC768=",
        "owner": "nix-systems",
        "repo": "default",
        "rev": "da67096a3b9bf56a91d16901293e51ba5b49a27e",
        "type": "github"
      },
      "original": {
        "owner": "nix-systems",
        "repo": "default",
        "type": "github"
      }
    },
    "systems_5": {
      "locked": {
        "lastModified": 1681028828,
        "narHash": "sha256-Vy1rq5AaRuLzOxct8nz4T6wlgyUR7zLU309k9mBC768=",
        "owner": "nix-systems",
        "repo": "default",
        "rev": "da67096a3b9bf56a91d16901293e51ba5b49a27e",
        "type": "github"
      },
      "original": {
        "owner": "nix-systems",
        "repo": "default",
        "type": "github"
      }
    },
    "zig": {
      "inputs": {
        "flake-compat": [
          "harakara-terminal"
        ],
        "flake-utils": "flake-utils_4",
        "nixpkgs": [
          "harakara-terminal",
          "nixpkgs"
        ]
      },
      "locked": {
        "lastModified": 1729339835,
        "narHash": "sha256-E7BK/IY4j9aLcWyo290ya5MmfBhFWgBBkHg69AqRcJw=",
        "owner": "mitchellh",
        "repo": "zig-overlay",
        "rev": "5aa48f75dcfd6a4f46bd6e0a1cb263652e25e4ec",
        "type": "github"
      },
      "original": {
        "owner": "mitchellh",
        "repo": "zig-overlay",
        "type": "github"
      }
    },
    "zig_2": {
      "inputs": {
        "flake-compat": [
          "open-repo"
        ],
        "flake-utils": "flake-utils_5",
        "nixpkgs": [
          "open-repo",
          "nixpkgs"
        ]
      },
      "locked": {
        "lastModified": 1729297737,
        "narHash": "sha256-s2VnhVVlRQPTzKVAklFVwYukQMOm5hgSTZtfhEG54IE=",
        "owner": "mitchellh",
        "repo": "zig-overlay",
        "rev": "144112221fcd1da0961523df4ec2525961e73654",
        "type": "github"
      },
      "original": {
        "owner": "mitchellh",
        "repo": "zig-overlay",
        "type": "github"
      }
    }
  },
  "root": "root",
  "version": 7
}
